// !$*UTF8*$!
{
	archiveVersion = 1;
	classes = {
	};
	objectVersion = 56;
	objects = {

/* Begin PBXBuildFile section */
		DF20A9B42CAD195700F3D1B5 /* MapView.swift in Sources */ = {isa = PBXBuildFile; fileRef = DF20A9B32CAD195700F3D1B5 /* MapView.swift */; };
		DF20A9B62CAD1E9600F3D1B5 /* MapLocationManagerView.swift in Sources */ = {isa = PBXBuildFile; fileRef = DF20A9B52CAD1E9600F3D1B5 /* MapLocationManagerView.swift */; };
		DF4562AA2CA2B9B700FAAE62 /* NotificationManager.swift in Sources */ = {isa = PBXBuildFile; fileRef = DF4562A92CA2B9B700FAAE62 /* NotificationManager.swift */; };
		DF4562AD2CA2FD6000FAAE62 /* AppDelegate.swift in Sources */ = {isa = PBXBuildFile; fileRef = DF4562AC2CA2FD6000FAAE62 /* AppDelegate.swift */; };
		DF8DB84E2CA08A9B00D01DB1 /* ListDetailView.swift in Sources */ = {isa = PBXBuildFile; fileRef = DF8DB84D2CA08A9B00D01DB1 /* ListDetailView.swift */; };
		DFC8F71E2CA1786800B27C78 /* CustomButtonView.swift in Sources */ = {isa = PBXBuildFile; fileRef = DFC8F71D2CA1786800B27C78 /* CustomButtonView.swift */; };
		DFC8F7212CA178CD00B27C78 /* ListView.swift in Sources */ = {isa = PBXBuildFile; fileRef = DFC8F7202CA178CD00B27C78 /* ListView.swift */; };
		DFC8F7252CA1798400B27C78 /* CustomListView.swift in Sources */ = {isa = PBXBuildFile; fileRef = DFC8F7242CA1798400B27C78 /* CustomListView.swift */; };
		DFC8F7282CA1823F00B27C78 /* BackgroundStatusView.swift in Sources */ = {isa = PBXBuildFile; fileRef = DFC8F7272CA1823F00B27C78 /* BackgroundStatusView.swift */; };
		DFC8F72A2CA1890700B27C78 /* BackgroundAlarmView.swift in Sources */ = {isa = PBXBuildFile; fileRef = DFC8F7292CA1890700B27C78 /* BackgroundAlarmView.swift */; };
		DFF47F922C9F240F00F15433 /* SwiftDesignApp.swift in Sources */ = {isa = PBXBuildFile; fileRef = DFF47F912C9F240F00F15433 /* SwiftDesignApp.swift */; };
		DFF47F942C9F240F00F15433 /* ContentView.swift in Sources */ = {isa = PBXBuildFile; fileRef = DFF47F932C9F240F00F15433 /* ContentView.swift */; };
		DFF47F962C9F241000F15433 /* Assets.xcassets in Resources */ = {isa = PBXBuildFile; fileRef = DFF47F952C9F241000F15433 /* Assets.xcassets */; };
		DFF47F992C9F241000F15433 /* Preview Assets.xcassets in Resources */ = {isa = PBXBuildFile; fileRef = DFF47F982C9F241000F15433 /* Preview Assets.xcassets */; };
		DFF47FA02C9F2B0900F15433 /* CustomButton.swift in Sources */ = {isa = PBXBuildFile; fileRef = DFF47F9F2C9F2B0900F15433 /* CustomButton.swift */; };
/* End PBXBuildFile section */

/* Begin PBXFileReference section */
		DF20A9B32CAD195700F3D1B5 /* MapView.swift */ = {isa = PBXFileReference; lastKnownFileType = sourcecode.swift; path = MapView.swift; sourceTree = "<group>"; };
		DF20A9B52CAD1E9600F3D1B5 /* MapLocationManagerView.swift */ = {isa = PBXFileReference; lastKnownFileType = sourcecode.swift; path = MapLocationManagerView.swift; sourceTree = "<group>"; };
		DF4562A92CA2B9B700FAAE62 /* NotificationManager.swift */ = {isa = PBXFileReference; lastKnownFileType = sourcecode.swift; path = NotificationManager.swift; sourceTree = "<group>"; };
		DF4562AB2CA2BC5A00FAAE62 /* Info.plist */ = {isa = PBXFileReference; lastKnownFileType = text.plist; path = Info.plist; sourceTree = "<group>"; };
		DF4562AC2CA2FD6000FAAE62 /* AppDelegate.swift */ = {isa = PBXFileReference; lastKnownFileType = sourcecode.swift; path = AppDelegate.swift; sourceTree = "<group>"; };
		DF8DB84D2CA08A9B00D01DB1 /* ListDetailView.swift */ = {isa = PBXFileReference; lastKnownFileType = sourcecode.swift; path = ListDetailView.swift; sourceTree = "<group>"; };
		DFC8F71D2CA1786800B27C78 /* CustomButtonView.swift */ = {isa = PBXFileReference; lastKnownFileType = sourcecode.swift; path = CustomButtonView.swift; sourceTree = "<group>"; };
		DFC8F7202CA178CD00B27C78 /* ListView.swift */ = {isa = PBXFileReference; lastKnownFileType = sourcecode.swift; path = ListView.swift; sourceTree = "<group>"; };
		DFC8F7242CA1798400B27C78 /* CustomListView.swift */ = {isa = PBXFileReference; lastKnownFileType = sourcecode.swift; path = CustomListView.swift; sourceTree = "<group>"; };
		DFC8F7272CA1823F00B27C78 /* BackgroundStatusView.swift */ = {isa = PBXFileReference; lastKnownFileType = sourcecode.swift; path = BackgroundStatusView.swift; sourceTree = "<group>"; };
		DFC8F7292CA1890700B27C78 /* BackgroundAlarmView.swift */ = {isa = PBXFileReference; lastKnownFileType = sourcecode.swift; path = BackgroundAlarmView.swift; sourceTree = "<group>"; };
		DFF47F8E2C9F240F00F15433 /* SwiftDesign.app */ = {isa = PBXFileReference; explicitFileType = wrapper.application; includeInIndex = 0; path = SwiftDesign.app; sourceTree = BUILT_PRODUCTS_DIR; };
		DFF47F912C9F240F00F15433 /* SwiftDesignApp.swift */ = {isa = PBXFileReference; lastKnownFileType = sourcecode.swift; path = SwiftDesignApp.swift; sourceTree = "<group>"; };
		DFF47F932C9F240F00F15433 /* ContentView.swift */ = {isa = PBXFileReference; lastKnownFileType = sourcecode.swift; path = ContentView.swift; sourceTree = "<group>"; };
		DFF47F952C9F241000F15433 /* Assets.xcassets */ = {isa = PBXFileReference; lastKnownFileType = folder.assetcatalog; path = Assets.xcassets; sourceTree = "<group>"; };
		DFF47F982C9F241000F15433 /* Preview Assets.xcassets */ = {isa = PBXFileReference; lastKnownFileType = folder.assetcatalog; path = "Preview Assets.xcassets"; sourceTree = "<group>"; };
		DFF47F9F2C9F2B0900F15433 /* CustomButton.swift */ = {isa = PBXFileReference; lastKnownFileType = sourcecode.swift; path = CustomButton.swift; sourceTree = "<group>"; };
/* End PBXFileReference section */

/* Begin PBXFrameworksBuildPhase section */
		DFF47F8B2C9F240F00F15433 /* Frameworks */ = {
			isa = PBXFrameworksBuildPhase;
			buildActionMask = 2147483647;
			files = (
			);
			runOnlyForDeploymentPostprocessing = 0;
		};
/* End PBXFrameworksBuildPhase section */

/* Begin PBXGroup section */
		DF20A9B02CAD192A00F3D1B5 /* Map */ = {
			isa = PBXGroup;
			children = (
				DF20A9B32CAD195700F3D1B5 /* MapView.swift */,
				DF20A9B52CAD1E9600F3D1B5 /* MapLocationManagerView.swift */,
			);
			path = Map;
			sourceTree = "<group>";
		};
		DF4562A82CA2B9A400FAAE62 /* NotificationManager */ = {
			isa = PBXGroup;
			children = (
				DF4562A92CA2B9B700FAAE62 /* NotificationManager.swift */,
			);
			path = NotificationManager;
			sourceTree = "<group>";
		};
		DFC8F71C2CA1785700B27C78 /* Button */ = {
			isa = PBXGroup;
			children = (
				DFF47F9F2C9F2B0900F15433 /* CustomButton.swift */,
				DFC8F71D2CA1786800B27C78 /* CustomButtonView.swift */,
			);
			path = Button;
			sourceTree = "<group>";
		};
		DFC8F71F2CA178B800B27C78 /* List */ = {
			isa = PBXGroup;
			children = (
				DF8DB84D2CA08A9B00D01DB1 /* ListDetailView.swift */,
				DFC8F7202CA178CD00B27C78 /* ListView.swift */,
				DFC8F7242CA1798400B27C78 /* CustomListView.swift */,
			);
			path = List;
			sourceTree = "<group>";
		};
		DFC8F7262CA1823000B27C78 /* BackgroundTask */ = {
			isa = PBXGroup;
			children = (
				DFC8F7272CA1823F00B27C78 /* BackgroundStatusView.swift */,
				DFC8F7292CA1890700B27C78 /* BackgroundAlarmView.swift */,
			);
			path = BackgroundTask;
			sourceTree = "<group>";
		};
		DFF47F852C9F240F00F15433 = {
			isa = PBXGroup;
			children = (
				DFF47F902C9F240F00F15433 /* SwiftDesign */,
				DFF47F8F2C9F240F00F15433 /* Products */,
			);
			sourceTree = "<group>";
		};
		DFF47F8F2C9F240F00F15433 /* Products */ = {
			isa = PBXGroup;
			children = (
				DFF47F8E2C9F240F00F15433 /* SwiftDesign.app */,
			);
			name = Products;
			sourceTree = "<group>";
		};
		DFF47F902C9F240F00F15433 /* SwiftDesign */ = {
			isa = PBXGroup;
			children = (
				DF4562AB2CA2BC5A00FAAE62 /* Info.plist */,
				DFF47F912C9F240F00F15433 /* SwiftDesignApp.swift */,
				DFF47F932C9F240F00F15433 /* ContentView.swift */,
				DF4562AC2CA2FD6000FAAE62 /* AppDelegate.swift */,
				DF20A9B02CAD192A00F3D1B5 /* Map */,
				DF4562A82CA2B9A400FAAE62 /* NotificationManager */,
				DFC8F7262CA1823000B27C78 /* BackgroundTask */,
				DFC8F71C2CA1785700B27C78 /* Button */,
				DFC8F71F2CA178B800B27C78 /* List */,
				DFF47F952C9F241000F15433 /* Assets.xcassets */,
				DFF47F972C9F241000F15433 /* Preview Content */,
			);
			path = SwiftDesign;
			sourceTree = "<group>";
		};
		DFF47F972C9F241000F15433 /* Preview Content */ = {
			isa = PBXGroup;
			children = (
				DFF47F982C9F241000F15433 /* Preview Assets.xcassets */,
			);
			path = "Preview Content";
			sourceTree = "<group>";
		};
/* End PBXGroup section */

/* Begin PBXNativeTarget section */
		DFF47F8D2C9F240F00F15433 /* SwiftDesign */ = {
			isa = PBXNativeTarget;
			buildConfigurationList = DFF47F9C2C9F241000F15433 /* Build configuration list for PBXNativeTarget "SwiftDesign" */;
			buildPhases = (
				DFF47F8A2C9F240F00F15433 /* Sources */,
				DFF47F8B2C9F240F00F15433 /* Frameworks */,
				DFF47F8C2C9F240F00F15433 /* Resources */,
			);
			buildRules = (
			);
			dependencies = (
			);
			name = SwiftDesign;
			productName = SwiftDesign;
			productReference = DFF47F8E2C9F240F00F15433 /* SwiftDesign.app */;
			productType = "com.apple.product-type.application";
		};
/* End PBXNativeTarget section */

/* Begin PBXProject section */
		DFF47F862C9F240F00F15433 /* Project object */ = {
			isa = PBXProject;
			attributes = {
				BuildIndependentTargetsInParallel = 1;
				LastSwiftUpdateCheck = 1540;
				LastUpgradeCheck = 1540;
				TargetAttributes = {
					DFF47F8D2C9F240F00F15433 = {
						CreatedOnToolsVersion = 15.4;
					};
				};
			};
			buildConfigurationList = DFF47F892C9F240F00F15433 /* Build configuration list for PBXProject "SwiftDesign" */;
			compatibilityVersion = "Xcode 14.0";
			developmentRegion = en;
			hasScannedForEncodings = 0;
			knownRegions = (
				en,
				Base,
			);
			mainGroup = DFF47F852C9F240F00F15433;
			productRefGroup = DFF47F8F2C9F240F00F15433 /* Products */;
			projectDirPath = "";
			projectRoot = "";
			targets = (
				DFF47F8D2C9F240F00F15433 /* SwiftDesign */,
			);
		};
/* End PBXProject section */

/* Begin PBXResourcesBuildPhase section */
		DFF47F8C2C9F240F00F15433 /* Resources */ = {
			isa = PBXResourcesBuildPhase;
			buildActionMask = 2147483647;
			files = (
				DFF47F992C9F241000F15433 /* Preview Assets.xcassets in Resources */,
				DFF47F962C9F241000F15433 /* Assets.xcassets in Resources */,
			);
			runOnlyForDeploymentPostprocessing = 0;
		};
/* End PBXResourcesBuildPhase section */

/* Begin PBXSourcesBuildPhase section */
		DFF47F8A2C9F240F00F15433 /* Sources */ = {
			isa = PBXSourcesBuildPhase;
			buildActionMask = 2147483647;
			files = (
				DF4562AD2CA2FD6000FAAE62 /* AppDelegate.swift in Sources */,
				DF20A9B42CAD195700F3D1B5 /* MapView.swift in Sources */,
				DF20A9B62CAD1E9600F3D1B5 /* MapLocationManagerView.swift in Sources */,
				DFC8F71E2CA1786800B27C78 /* CustomButtonView.swift in Sources */,
				DFC8F7212CA178CD00B27C78 /* ListView.swift in Sources */,
				DF4562AA2CA2B9B700FAAE62 /* NotificationManager.swift in Sources */,
				DFC8F7282CA1823F00B27C78 /* BackgroundStatusView.swift in Sources */,
				DFF47F942C9F240F00F15433 /* ContentView.swift in Sources */,
				DF8DB84E2CA08A9B00D01DB1 /* ListDetailView.swift in Sources */,
				DFF47F922C9F240F00F15433 /* SwiftDesignApp.swift in Sources */,
				DFC8F72A2CA1890700B27C78 /* BackgroundAlarmView.swift in Sources */,
				DFC8F7252CA1798400B27C78 /* CustomListView.swift in Sources */,
				DFF47FA02C9F2B0900F15433 /* CustomButton.swift in Sources */,
			);
			runOnlyForDeploymentPostprocessing = 0;
		};
/* End PBXSourcesBuildPhase section */

/* Begin XCBuildConfiguration section */
		DFF47F9A2C9F241000F15433 /* Debug */ = {
			isa = XCBuildConfiguration;
			buildSettings = {
				ALWAYS_SEARCH_USER_PATHS = NO;
				ASSETCATALOG_COMPILER_GENERATE_SWIFT_ASSET_SYMBOL_EXTENSIONS = YES;
				CLANG_ANALYZER_NONNULL = YES;
				CLANG_ANALYZER_NUMBER_OBJECT_CONVERSION = YES_AGGRESSIVE;
				CLANG_CXX_LANGUAGE_STANDARD = "gnu++20";
				CLANG_ENABLE_MODULES = YES;
				CLANG_ENABLE_OBJC_ARC = YES;
				CLANG_ENABLE_OBJC_WEAK = YES;
				CLANG_WARN_BLOCK_CAPTURE_AUTORELEASING = YES;
				CLANG_WARN_BOOL_CONVERSION = YES;
				CLANG_WARN_COMMA = YES;
				CLANG_WARN_CONSTANT_CONVERSION = YES;
				CLANG_WARN_DEPRECATED_OBJC_IMPLEMENTATIONS = YES;
				CLANG_WARN_DIRECT_OBJC_ISA_USAGE = YES_ERROR;
				CLANG_WARN_DOCUMENTATION_COMMENTS = YES;
				CLANG_WARN_EMPTY_BODY = YES;
				CLANG_WARN_ENUM_CONVERSION = YES;
				CLANG_WARN_INFINITE_RECURSION = YES;
				CLANG_WARN_INT_CONVERSION = YES;
				CLANG_WARN_NON_LITERAL_NULL_CONVERSION = YES;
				CLANG_WARN_OBJC_IMPLICIT_RETAIN_SELF = YES;
				CLANG_WARN_OBJC_LITERAL_CONVERSION = YES;
				CLANG_WARN_OBJC_ROOT_CLASS = YES_ERROR;
				CLANG_WARN_QUOTED_INCLUDE_IN_FRAMEWORK_HEADER = YES;
				CLANG_WARN_RANGE_LOOP_ANALYSIS = YES;
				CLANG_WARN_STRICT_PROTOTYPES = YES;
				CLANG_WARN_SUSPICIOUS_MOVE = YES;
				CLANG_WARN_UNGUARDED_AVAILABILITY = YES_AGGRESSIVE;
				CLANG_WARN_UNREACHABLE_CODE = YES;
				CLANG_WARN__DUPLICATE_METHOD_MATCH = YES;
				COPY_PHASE_STRIP = NO;
				DEBUG_INFORMATION_FORMAT = dwarf;
				ENABLE_STRICT_OBJC_MSGSEND = YES;
				ENABLE_TESTABILITY = YES;
				ENABLE_USER_SCRIPT_SANDBOXING = YES;
				GCC_C_LANGUAGE_STANDARD = gnu17;
				GCC_DYNAMIC_NO_PIC = NO;
				GCC_NO_COMMON_BLOCKS = YES;
				GCC_OPTIMIZATION_LEVEL = 0;
				GCC_PREPROCESSOR_DEFINITIONS = (
					"DEBUG=1",
					"$(inherited)",
				);
				GCC_WARN_64_TO_32_BIT_CONVERSION = YES;
				GCC_WARN_ABOUT_RETURN_TYPE = YES_ERROR;
				GCC_WARN_UNDECLARED_SELECTOR = YES;
				GCC_WARN_UNINITIALIZED_AUTOS = YES_AGGRESSIVE;
				GCC_WARN_UNUSED_FUNCTION = YES;
				GCC_WARN_UNUSED_VARIABLE = YES;
				IPHONEOS_DEPLOYMENT_TARGET = 16.0;
				LOCALIZATION_PREFERS_STRING_CATALOGS = YES;
				MTL_ENABLE_DEBUG_INFO = INCLUDE_SOURCE;
				MTL_FAST_MATH = YES;
				ONLY_ACTIVE_ARCH = YES;
				SDKROOT = iphoneos;
				SWIFT_ACTIVE_COMPILATION_CONDITIONS = "DEBUG $(inherited)";
				SWIFT_OPTIMIZATION_LEVEL = "-Onone";
			};
			name = Debug;
		};
		DFF47F9B2C9F241000F15433 /* Release */ = {
			isa = XCBuildConfiguration;
			buildSettings = {
				ALWAYS_SEARCH_USER_PATHS = NO;
				ASSETCATALOG_COMPILER_GENERATE_SWIFT_ASSET_SYMBOL_EXTENSIONS = YES;
				CLANG_ANALYZER_NONNULL = YES;
				CLANG_ANALYZER_NUMBER_OBJECT_CONVERSION = YES_AGGRESSIVE;
				CLANG_CXX_LANGUAGE_STANDARD = "gnu++20";
				CLANG_ENABLE_MODULES = YES;
				CLANG_ENABLE_OBJC_ARC = YES;
				CLANG_ENABLE_OBJC_WEAK = YES;
				CLANG_WARN_BLOCK_CAPTURE_AUTORELEASING = YES;
				CLANG_WARN_BOOL_CONVERSION = YES;
				CLANG_WARN_COMMA = YES;
				CLANG_WARN_CONSTANT_CONVERSION = YES;
				CLANG_WARN_DEPRECATED_OBJC_IMPLEMENTATIONS = YES;
				CLANG_WARN_DIRECT_OBJC_ISA_USAGE = YES_ERROR;
				CLANG_WARN_DOCUMENTATION_COMMENTS = YES;
				CLANG_WARN_EMPTY_BODY = YES;
				CLANG_WARN_ENUM_CONVERSION = YES;
				CLANG_WARN_INFINITE_RECURSION = YES;
				CLANG_WARN_INT_CONVERSION = YES;
				CLANG_WARN_NON_LITERAL_NULL_CONVERSION = YES;
				CLANG_WARN_OBJC_IMPLICIT_RETAIN_SELF = YES;
				CLANG_WARN_OBJC_LITERAL_CONVERSION = YES;
				CLANG_WARN_OBJC_ROOT_CLASS = YES_ERROR;
				CLANG_WARN_QUOTED_INCLUDE_IN_FRAMEWORK_HEADER = YES;
				CLANG_WARN_RANGE_LOOP_ANALYSIS = YES;
				CLANG_WARN_STRICT_PROTOTYPES = YES;
				CLANG_WARN_SUSPICIOUS_MOVE = YES;
				CLANG_WARN_UNGUARDED_AVAILABILITY = YES_AGGRESSIVE;
				CLANG_WARN_UNREACHABLE_CODE = YES;
				CLANG_WARN__DUPLICATE_METHOD_MATCH = YES;
				COPY_PHASE_STRIP = NO;
				DEBUG_INFORMATION_FORMAT = "dwarf-with-dsym";
				ENABLE_NS_ASSERTIONS = NO;
				ENABLE_STRICT_OBJC_MSGSEND = YES;
				ENABLE_USER_SCRIPT_SANDBOXING = YES;
				GCC_C_LANGUAGE_STANDARD = gnu17;
				GCC_NO_COMMON_BLOCKS = YES;
				GCC_WARN_64_TO_32_BIT_CONVERSION = YES;
				GCC_WARN_ABOUT_RETURN_TYPE = YES_ERROR;
				GCC_WARN_UNDECLARED_SELECTOR = YES;
				GCC_WARN_UNINITIALIZED_AUTOS = YES_AGGRESSIVE;
				GCC_WARN_UNUSED_FUNCTION = YES;
				GCC_WARN_UNUSED_VARIABLE = YES;
				IPHONEOS_DEPLOYMENT_TARGET = 16.0;
				LOCALIZATION_PREFERS_STRING_CATALOGS = YES;
				MTL_ENABLE_DEBUG_INFO = NO;
				MTL_FAST_MATH = YES;
				SDKROOT = iphoneos;
				SWIFT_COMPILATION_MODE = wholemodule;
				VALIDATE_PRODUCT = YES;
			};
			name = Release;
		};
		DFF47F9D2C9F241000F15433 /* Debug */ = {
			isa = XCBuildConfiguration;
			buildSettings = {
				ASSETCATALOG_COMPILER_APPICON_NAME = AppIcon;
				ASSETCATALOG_COMPILER_GLOBAL_ACCENT_COLOR_NAME = AccentColor;
				CODE_SIGN_STYLE = Automatic;
				CURRENT_PROJECT_VERSION = 1;
				DEVELOPMENT_ASSET_PATHS = "\"SwiftDesign/Preview Content\"";
				DEVELOPMENT_TEAM = LGX4B4WC66;
				ENABLE_PREVIEWS = YES;
				GENERATE_INFOPLIST_FILE = YES;
				INFOPLIST_FILE = SwiftDesign/Info.plist;
				INFOPLIST_KEY_UIApplicationSceneManifest_Generation = YES;
				INFOPLIST_KEY_UIApplicationSupportsIndirectInputEvents = YES;
				INFOPLIST_KEY_UILaunchScreen_Generation = YES;
				INFOPLIST_KEY_UISupportedInterfaceOrientations_iPad = "UIInterfaceOrientationPortrait UIInterfaceOrientationPortraitUpsideDown UIInterfaceOrientationLandscapeLeft UIInterfaceOrientationLandscapeRight";
				INFOPLIST_KEY_UISupportedInterfaceOrientations_iPhone = "UIInterfaceOrientationPortrait UIInterfaceOrientationLandscapeLeft UIInterfaceOrientationLandscapeRight";
				INFOPLIST_KEY_UIUserInterfaceStyle = Light;
				IPHONEOS_DEPLOYMENT_TARGET = 16;
				LD_RUNPATH_SEARCH_PATHS = (
					"$(inherited)",
					"@executable_path/Frameworks",
				);
				MARKETING_VERSION = 1.0;
				PRODUCT_BUNDLE_IDENTIFIER = com.indextrown.SwiftDesign;
				PRODUCT_NAME = "$(TARGET_NAME)";
				SWIFT_EMIT_LOC_STRINGS = YES;
				SWIFT_VERSION = 5.0;
				TARGETED_DEVICE_FAMILY = "1,2";
			};
			name = Debug;
		};
		DFF47F9E2C9F241000F15433 /* Release */ = {
			isa = XCBuildConfiguration;
			buildSettings = {
				ASSETCATALOG_COMPILER_APPICON_NAME = AppIcon;
				ASSETCATALOG_COMPILER_GLOBAL_ACCENT_COLOR_NAME = AccentColor;
				CODE_SIGN_STYLE = Automatic;
				CURRENT_PROJECT_VERSION = 1;
				DEVELOPMENT_ASSET_PATHS = "\"SwiftDesign/Preview Content\"";
				DEVELOPMENT_TEAM = LGX4B4WC66;
				ENABLE_PREVIEWS = YES;
				GENERATE_INFOPLIST_FILE = YES;
				INFOPLIST_FILE = SwiftDesign/Info.plist;
				INFOPLIST_KEY_UIApplicationSceneManifest_Generation = YES;
				INFOPLIST_KEY_UIApplicationSupportsIndirectInputEvents = YES;
				INFOPLIST_KEY_UILaunchScreen_Generation = YES;
				INFOPLIST_KEY_UISupportedInterfaceOrientations_iPad = "UIInterfaceOrientationPortrait UIInterfaceOrientationPortraitUpsideDown UIInterfaceOrientationLandscapeLeft UIInterfaceOrientationLandscapeRight";
				INFOPLIST_KEY_UISupportedInterfaceOrientations_iPhone = "UIInterfaceOrientationPortrait UIInterfaceOrientationLandscapeLeft UIInterfaceOrientationLandscapeRight";
				INFOPLIST_KEY_UIUserInterfaceStyle = Light;
				IPHONEOS_DEPLOYMENT_TARGET = 16;
				LD_RUNPATH_SEARCH_PATHS = (
					"$(inherited)",
					"@executable_path/Frameworks",
				);
				MARKETING_VERSION = 1.0;
				PRODUCT_BUNDLE_IDENTIFIER = com.indextrown.SwiftDesign;
				PRODUCT_NAME = "$(TARGET_NAME)";
				SWIFT_EMIT_LOC_STRINGS = YES;
				SWIFT_VERSION = 5.0;
				TARGETED_DEVICE_FAMILY = "1,2";
			};
			name = Release;
		};
/* End XCBuildConfiguration section */

/* Begin XCConfigurationList section */
		DFF47F892C9F240F00F15433 /* Build configuration list for PBXProject "SwiftDesign" */ = {
			isa = XCConfigurationList;
			buildConfigurations = (
				DFF47F9A2C9F241000F15433 /* Debug */,
				DFF47F9B2C9F241000F15433 /* Release */,
			);
			defaultConfigurationIsVisible = 0;
			defaultConfigurationName = Release;
		};
		DFF47F9C2C9F241000F15433 /* Build configuration list for PBXNativeTarget "SwiftDesign" */ = {
			isa = XCConfigurationList;
			buildConfigurations = (
				DFF47F9D2C9F241000F15433 /* Debug */,
				DFF47F9E2C9F241000F15433 /* Release */,
			);
			defaultConfigurationIsVisible = 0;
			defaultConfigurationName = Release;
		};
/* End XCConfigurationList section */
	};
	rootObject = DFF47F862C9F240F00F15433 /* Project object */;
}
